
Microsoft Visual Studio Solution File, Format Version 12.00
# Visual Studio 15
VisualStudioVersion = 15.0.28307.168
MinimumVisualStudioVersion = 10.0.40219.1
Project("{00D1A9C2-B5F0-4AF3-8072-F6C62B433612}") = "Staging", "Staging\Staging.sqlproj", "{2DAA6B45-5A1C-4F5B-8E67-7932B9BD77B8}"
EndProject
Global
	GlobalSection(SolutionConfigurationPlatforms) = preSolution
		Debug|Any CPU = Debug|Any CPU
		Release|Any CPU = Release|Any CPU
	EndGlobalSection
	GlobalSection(ProjectConfigurationPlatforms) = postSolution
		{2DAA6B45-5A1C-4F5B-8E67-7932B9BD77B8}.Debug|Any CPU.ActiveCfg = Debug|Any CPU
		{2DAA6B45-5A1C-4F5B-8E67-7932B9BD77B8}.Debug|Any CPU.Build.0 = Debug|Any CPU
		{2DAA6B45-5A1C-4F5B-8E67-7932B9BD77B8}.Debug|Any CPU.Deploy.0 = Debug|Any CPU
		{2DAA6B45-5A1C-4F5B-8E67-7932B9BD77B8}.Release|Any CPU.ActiveCfg = Release|Any CPU
		{2DAA6B45-5A1C-4F5B-8E67-7932B9BD77B8}.Release|Any CPU.Build.0 = Release|Any CPU
		{2DAA6B45-5A1C-4F5B-8E67-7932B9BD77B8}.Release|Any CPU.Deploy.0 = Release|Any CPU
	EndGlobalSection
	GlobalSection(SolutionProperties) = preSolution
		HideSolutionNode = FALSE
	EndGlobalSection
	GlobalSection(ExtensibilityGlobals) = postSolution
		SolutionGuid = {E4E022E6-3B30-4D48-ACD3-FDFD27D6DF15}
	EndGlobalSection
EndGlobal
